PODS:
  - AparajitaCapacitorSecureStorage (7.1.6):
    - Capacitor
    - KeychainSwift (~> 21.0)
  - Capacitor (7.6.6):
    - CapacitorCordova
  - CapacitorApp (7.1.2):
    - Capacitor
  - CapacitorCamera (7.0.5):
    - Capacitor
  - CapacitorClipboard (7.0.4):
    - Capacitor
  - CapacitorCordova (7.6.6)
  - CapacitorGeolocation (7.1.8):
    - Capacitor
    - IONGeolocationLib (= 1.0.1)
  - CapacitorPreferences (7.0.4):
    - Capacitor
  - CapacitorPushNotifications (7.0.6):
    - Capacitor
  - IONGeolocationLib (1.0.1)
  - KeychainSwift (21.0.0)

DEPENDENCIES:
  - "AparajitaCapacitorSecureStorage (from `../../node_modules/@aparajita/capacitor-secure-storage`)"
  - "Capacitor (from `../../node_modules/@capacitor/ios`)"
  - "CapacitorApp (from `../../node_modules/@capacitor/app`)"
  - "CapacitorCamera (from `../../node_modules/@capacitor/camera`)"
  - "CapacitorClipboard (from `../../node_modules/@capacitor/clipboard`)"
  - "CapacitorCordova (from `../../node_modules/@capacitor/ios`)"
  - "CapacitorGeolocation (from `../../node_modules/@capacitor/geolocation`)"
  - "CapacitorPreferences (from `../../node_modules/@capacitor/preferences`)"
  - "CapacitorPushNotifications (from `../../node_modules/@capacitor/push-notifications`)"

SPEC REPOS:
  trunk:
    - IONGeolocationLib
    - KeychainSwift

EXTERNAL SOURCES:
  AparajitaCapacitorSecureStorage:
    :path: "../../node_modules/@aparajita/capacitor-secure-storage"
  Capacitor:
    :path: "../../node_modules/@capacitor/ios"
  CapacitorApp:
    :path: "../../node_modules/@capacitor/app"
  CapacitorCamera:
    :path: "../../node_modules/@capacitor/camera"
  CapacitorClipboard:
    :path: "../../node_modules/@capacitor/clipboard"
  CapacitorCordova:
    :path: "../../node_modules/@capacitor/ios"
  CapacitorGeolocation:
    :path: "../../node_modules/@capacitor/geolocation"
  CapacitorPreferences:
    :path: "../../node_modules/@capacitor/preferences"
  CapacitorPushNotifications:
    :path: "../../node_modules/@capacitor/push-notifications"

SPEC CHECKSUMS:
  AparajitaCapacitorSecureStorage: 502bff73187cf9d0164459458ccf47ec65d5895a
  Capacitor: 961efd309ab0e390a8081b63c561186f61a6714d
  CapacitorApp: f01a913211780e0718dae9750442c3e23f96e106
  CapacitorCamera: 9e952270be355797f769aa835bb7643a96c871fe
  CapacitorClipboard: d1f123674cf413125db816a45e8f70e8770972fc
  CapacitorCordova: 3a4e0027a89a59421c918d19aee9d6ba1c7a3556
  CapacitorGeolocation: ab54d708e2fcf99a7bafe0219eaa6f7a932f001a
  CapacitorPreferences: 69d9991307507aeab8ef8019c10b9babfda0e9ca
  CapacitorPushNotifications: b8e30637549ce91468b8c4dddbef2657be831f4c
  IONGeolocationLib: 20f9d0248a0b5264511fb57a37e25dd2badf797a
  KeychainSwift: 4a71a45c802fd9e73906457c2dcbdbdc06c9419d

PODFILE CHECKSUM: 52b620fe1a854f88b03c9dbbe98cf0c0407aefcc

COCOAPODS: 1.16.2
